
Microsoft Visual Studio Solution File, Format Version 12.00
# Visual Studio 15
VisualStudioVersion = 15.0.27428.2027
MinimumVisualStudioVersion = 10.0.40219.1
Project("{FAE04EC0-301F-11D3-BF4B-00C04F79EFBC}") = "PrimeiroProjetoWeb", "PrimeiroProjetoWeb\PrimeiroProjetoWeb.csproj", "{E7C0ABB8-E2EB-4B15-9B61-A0C1325757A6}"
EndProject
Project("{FAE04EC0-301F-11D3-BF4B-00C04F79EFBC}") = "Modelos", "Modelos\Modelos.csproj", "{D9EFDA26-9960-4C53-B8FF-66CAEA644741}"
EndProject
Global
	GlobalSection(SolutionConfigurationPlatforms) = preSolution
		Debug|Any CPU = Debug|Any CPU
		Release|Any CPU = Release|Any CPU
	EndGlobalSection
	GlobalSection(ProjectConfigurationPlatforms) = postSolution
		{E7C0ABB8-E2EB-4B15-9B61-A0C1325757A6}.Debug|Any CPU.ActiveCfg = Debug|Any CPU
		{E7C0ABB8-E2EB-4B15-9B61-A0C1325757A6}.Debug|Any CPU.Build.0 = Debug|Any CPU
		{E7C0ABB8-E2EB-4B15-9B61-A0C1325757A6}.Release|Any CPU.ActiveCfg = Release|Any CPU
		{E7C0ABB8-E2EB-4B15-9B61-A0C1325757A6}.Release|Any CPU.Build.0 = Release|Any CPU
		{D9EFDA26-9960-4C53-B8FF-66CAEA644741}.Debug|Any CPU.ActiveCfg = Debug|Any CPU
		{D9EFDA26-9960-4C53-B8FF-66CAEA644741}.Debug|Any CPU.Build.0 = Debug|Any CPU
		{D9EFDA26-9960-4C53-B8FF-66CAEA644741}.Release|Any CPU.ActiveCfg = Release|Any CPU
		{D9EFDA26-9960-4C53-B8FF-66CAEA644741}.Release|Any CPU.Build.0 = Release|Any CPU
	EndGlobalSection
	GlobalSection(SolutionProperties) = preSolution
		HideSolutionNode = FALSE
	EndGlobalSection
	GlobalSection(ExtensibilityGlobals) = postSolution
		SolutionGuid = {4C44D70A-D30C-415B-979C-3CEB9979351A}
	EndGlobalSection
EndGlobal
